{
  "name": "be-cat",
  "requires": true,
  "lockfileVersion": 1,
  "dependencies": {
    "axios": {
      "version": "0.18.0",
      "resolved": "https://nexus.becompany.ch/content/groups/npm-all/axios/-/axios-0.18.0.tgz",
      "integrity": "sha1-MtU+SFHv3AoRmTts0AB4nXDAUQI=",
      "requires": {
        "follow-redirects": "^1.3.0",
        "is-buffer": "^1.1.5"
      }
    },
    "be-media": {
      "version": "file:../be-media",
      "requires": {
        "@polymer/polymer": "^3.0.0"
      },
      "dependencies": {
        "@polymer/font-roboto": {
          "version": "3.0.2",
          "bundled": true
        },
        "@polymer/iron-demo-helpers": {
          "version": "3.0.2",
          "bundled": true,
          "requires": {
            "@polymer/font-roboto": "^3.0.0-pre.25",
            "@polymer/iron-flex-layout": "^3.0.0-pre.25",
            "@polymer/iron-location": "^3.0.0-pre.25",
            "@polymer/marked-element": "^3.0.0-pre.25",
            "@polymer/polymer": "^3.0.0",
            "@polymer/prism-element": "^3.0.0-pre.25"
          }
        },
        "@polymer/iron-flex-layout": {
          "version": "3.0.1",
          "bundled": true,
          "requires": {
            "@polymer/polymer": "^3.0.0"
          }
        },
        "@polymer/iron-location": {
          "version": "3.0.1",
          "bundled": true,
          "requires": {
            "@polymer/polymer": "^3.0.0"
          }
        },
        "@polymer/marked-element": {
          "version": "3.0.1",
          "bundled": true,
          "requires": {
            "@polymer/polymer": "^3.0.0",
            "marked": "~0.3.9"
          }
        },
        "@polymer/polymer": {
          "version": "3.0.5",
          "bundled": true,
          "requires": {
            "@webcomponents/shadycss": "^1.2.0"
          }
        },
        "@polymer/prism-element": {
          "version": "3.0.1",
          "bundled": true,
          "requires": {
            "@polymer/polymer": "^3.0.0",
            "prismjs": "^1.11.0"
          }
        },
        "@polymer/sinonjs": {
          "version": "1.17.1",
          "bundled": true
        },
        "@polymer/test-fixture": {
          "version": "3.0.0-pre.21",
          "bundled": true
        },
        "@webcomponents/shadycss": {
          "version": "1.5.2",
          "bundled": true
        },
        "@webcomponents/webcomponentsjs": {
          "version": "2.1.3",
          "bundled": true
        },
        "accessibility-developer-tools": {
          "version": "2.12.0",
          "bundled": true
        },
        "ansi-regex": {
          "version": "2.1.1",
          "bundled": true
        },
        "ansi-styles": {
          "version": "2.2.1",
          "bundled": true
        },
        "assertion-error": {
          "version": "1.1.0",
          "bundled": true
        },
        "async": {
          "version": "1.5.2",
          "bundled": true
        },
        "balanced-match": {
          "version": "1.0.0",
          "bundled": true
        },
        "brace-expansion": {
          "version": "1.1.11",
          "bundled": true,
          "requires": {
            "balanced-match": "^1.0.0",
            "concat-map": "0.0.1"
          }
        },
        "browser-stdout": {
          "version": "1.3.0",
          "bundled": true
        },
        "chai": {
          "version": "3.5.0",
          "bundled": true,
          "requires": {
            "assertion-error": "^1.0.1",
            "deep-eql": "^0.1.3",
            "type-detect": "^1.0.0"
          }
        },
        "chalk": {
          "version": "1.1.3",
          "bundled": true,
          "requires": {
            "ansi-styles": "^2.2.1",
            "escape-string-regexp": "^1.0.2",
            "has-ansi": "^2.0.0",
            "strip-ansi": "^3.0.0",
            "supports-color": "^2.0.0"
          },
          "dependencies": {
            "supports-color": {
              "version": "2.0.0",
              "bundled": true
            }
          }
        },
        "clipboard": {
          "version": "2.0.1",
          "bundled": true,
          "optional": true,
          "requires": {
            "good-listener": "^1.2.2",
            "select": "^1.1.2",
            "tiny-emitter": "^2.0.0"
          }
        },
        "commander": {
          "version": "2.9.0",
          "bundled": true,
          "requires": {
            "graceful-readlink": ">= 1.0.0"
          }
        },
        "concat-map": {
          "version": "0.0.1",
          "bundled": true
        },
        "debug": {
          "version": "2.6.8",
          "bundled": true,
          "requires": {
            "ms": "2.0.0"
          }
        },
        "deep-eql": {
          "version": "0.1.3",
          "bundled": true,
          "requires": {
            "type-detect": "0.1.1"
          },
          "dependencies": {
            "type-detect": {
              "version": "0.1.1",
              "bundled": true
            }
          }
        },
        "delegate": {
          "version": "3.2.0",
          "bundled": true,
          "optional": true
        },
        "diff": {
          "version": "3.2.0",
          "bundled": true
        },
        "escape-string-regexp": {
          "version": "1.0.5",
          "bundled": true
        },
        "formatio": {
          "version": "1.1.1",
          "bundled": true,
          "requires": {
            "samsam": "~1.1"
          }
        },
        "fs.realpath": {
          "version": "1.0.0",
          "bundled": true
        },
        "glob": {
          "version": "7.1.1",
          "bundled": true,
          "requires": {
            "fs.realpath": "^1.0.0",
            "inflight": "^1.0.4",
            "inherits": "2",
            "minimatch": "^3.0.2",
            "once": "^1.3.0",
            "path-is-absolute": "^1.0.0"
          }
        },
        "good-listener": {
          "version": "1.2.2",
          "bundled": true,
          "optional": true,
          "requires": {
            "delegate": "^3.1.2"
          }
        },
        "graceful-readlink": {
          "version": "1.0.1",
          "bundled": true
        },
        "growl": {
          "version": "1.9.2",
          "bundled": true
        },
        "has-ansi": {
          "version": "2.0.0",
          "bundled": true,
          "requires": {
            "ansi-regex": "^2.0.0"
          }
        },
        "has-flag": {
          "version": "1.0.0",
          "bundled": true
        },
        "he": {
          "version": "1.1.1",
          "bundled": true
        },
        "inflight": {
          "version": "1.0.6",
          "bundled": true,
          "requires": {
            "once": "^1.3.0",
            "wrappy": "1"
          }
        },
        "inherits": {
          "version": "2.0.3",
          "bundled": true
        },
        "json3": {
          "version": "3.3.2",
          "bundled": true
        },
        "lodash": {
          "version": "3.10.1",
          "bundled": true
        },
        "lodash._baseassign": {
          "version": "3.2.0",
          "bundled": true,
          "requires": {
            "lodash._basecopy": "^3.0.0",
            "lodash.keys": "^3.0.0"
          }
        },
        "lodash._basecopy": {
          "version": "3.0.1",
          "bundled": true
        },
        "lodash._basecreate": {
          "version": "3.0.3",
          "bundled": true
        },
        "lodash._getnative": {
          "version": "3.9.1",
          "bundled": true
        },
        "lodash._isiterateecall": {
          "version": "3.0.9",
          "bundled": true
        },
        "lodash.create": {
          "version": "3.1.1",
          "bundled": true,
          "requires": {
            "lodash._baseassign": "^3.0.0",
            "lodash._basecreate": "^3.0.0",
            "lodash._isiterateecall": "^3.0.0"
          }
        },
        "lodash.isarguments": {
          "version": "3.1.0",
          "bundled": true
        },
        "lodash.isarray": {
          "version": "3.0.4",
          "bundled": true
        },
        "lodash.keys": {
          "version": "3.1.2",
          "bundled": true,
          "requires": {
            "lodash._getnative": "^3.0.0",
            "lodash.isarguments": "^3.0.0",
            "lodash.isarray": "^3.0.0"
          }
        },
        "lolex": {
          "version": "1.3.2",
          "bundled": true
        },
        "marked": {
          "version": "0.3.19",
          "bundled": true
        },
        "minimatch": {
          "version": "3.0.4",
          "bundled": true,
          "requires": {
            "brace-expansion": "^1.1.7"
          }
        },
        "minimist": {
          "version": "0.0.8",
          "bundled": true
        },
        "mkdirp": {
          "version": "0.5.1",
          "bundled": true,
          "requires": {
            "minimist": "0.0.8"
          }
        },
        "mocha": {
          "version": "3.5.3",
          "bundled": true,
          "requires": {
            "browser-stdout": "1.3.0",
            "commander": "2.9.0",
            "debug": "2.6.8",
            "diff": "3.2.0",
            "escape-string-regexp": "1.0.5",
            "glob": "7.1.1",
            "growl": "1.9.2",
            "he": "1.1.1",
            "json3": "3.3.2",
            "lodash.create": "3.1.1",
            "mkdirp": "0.5.1",
            "supports-color": "3.1.2"
          }
        },
        "ms": {
          "version": "2.0.0",
          "bundled": true
        },
        "once": {
          "version": "1.4.0",
          "bundled": true,
          "requires": {
            "wrappy": "1"
          }
        },
        "path-is-absolute": {
          "version": "1.0.1",
          "bundled": true
        },
        "prismjs": {
          "version": "1.15.0",
          "bundled": true,
          "requires": {
            "clipboard": "^2.0.0"
          }
        },
        "samsam": {
          "version": "1.1.2",
          "bundled": true
        },
        "select": {
          "version": "1.1.2",
          "bundled": true,
          "optional": true
        },
        "sinon": {
          "version": "1.17.7",
          "bundled": true,
          "requires": {
            "formatio": "1.1.1",
            "lolex": "1.3.2",
            "samsam": "1.1.2",
            "util": ">=0.10.3 <1"
          }
        },
        "sinon-chai": {
          "version": "2.14.0",
          "bundled": true
        },
        "stacky": {
          "version": "1.3.1",
          "bundled": true,
          "requires": {
            "chalk": "^1.1.1",
            "lodash": "^3.0.0"
          }
        },
        "strip-ansi": {
          "version": "3.0.1",
          "bundled": true,
          "requires": {
            "ansi-regex": "^2.0.0"
          }
        },
        "supports-color": {
          "version": "3.1.2",
          "bundled": true,
          "requires": {
            "has-flag": "^1.0.0"
          }
        },
        "tiny-emitter": {
          "version": "2.0.2",
          "bundled": true,
          "optional": true
        },
        "type-detect": {
          "version": "1.0.0",
          "bundled": true
        },
        "util": {
          "version": "0.11.0",
          "bundled": true,
          "requires": {
            "inherits": "2.0.3"
          }
        },
        "wct-browser-legacy": {
          "version": "1.0.1",
          "bundled": true,
          "requires": {
            "@polymer/polymer": "^3.0.0",
            "@polymer/sinonjs": "^1.14.1",
            "@polymer/test-fixture": "^3.0.0-pre.1",
            "@webcomponents/webcomponentsjs": "^2.0.0",
            "accessibility-developer-tools": "^2.12.0",
            "async": "^1.5.2",
            "chai": "^3.5.0",
            "lodash": "^3.10.1",
            "mocha": "^3.4.2",
            "sinon": "^1.17.1",
            "sinon-chai": "^2.10.0",
            "stacky": "^1.3.1"
          }
        },
        "wrappy": {
          "version": "1.0.2",
          "bundled": true
        }
      }
    },
    "debug": {
      "version": "3.1.0",
      "resolved": "https://nexus.becompany.ch/content/groups/npm-all/debug/-/debug-3.1.0.tgz",
      "integrity": "sha512-OX8XqP7/1a9cqkxYw2yXss15f26NKWBpDXQd0/uK/KPqdQhxbPa994hnzjcE2VqQpDslf55723cKPUOGSmMY3g==",
      "requires": {
        "ms": "2.0.0"
      }
    },
    "follow-redirects": {
      "version": "1.5.8",
      "resolved": "https://nexus.becompany.ch/content/groups/npm-all/follow-redirects/-/follow-redirects-1.5.8.tgz",
      "integrity": "sha512-sy1mXPmv7kLAMKW/8XofG7o9T+6gAjzdZK4AJF6ryqQYUa/hnzgiypoeUecZ53x7XiqKNEpNqLtS97MshW2nxg==",
      "requires": {
        "debug": "=3.1.0"
      }
    },
    "is-buffer": {
      "version": "1.1.6",
      "resolved": "https://nexus.becompany.ch/content/groups/npm-all/is-buffer/-/is-buffer-1.1.6.tgz",
      "integrity": "sha512-NcdALwpXkTm5Zvvbk7owOUSvVvBKDgKP5/ewfXEznmQFfs4ZRmanOeKBTjRVjka3QFoN6XJ+9F3USqfHqTaU5w=="
    },
    "ms": {
      "version": "2.0.0",
      "resolved": "https://nexus.becompany.ch/content/groups/npm-all/ms/-/ms-2.0.0.tgz",
      "integrity": "sha1-VgiurfwAvmwpAd9fmGF4jeDVl8g="
    }
  }
}
